// !$*UTF8*$!
{
	archiveVersion = 1;
	classes = {
	};
	objectVersion = 46;
	objects = {

/* Begin PBXBuildFile section */
		97221ABA19D8E8910018C606 /* AppDelegate.swift in Sources */ = {isa = PBXBuildFile; fileRef = 97221AB919D8E8910018C606 /* AppDelegate.swift */; };
		97221ABC19D8E8910018C606 /* ViewController.swift in Sources */ = {isa = PBXBuildFile; fileRef = 97221ABB19D8E8910018C606 /* ViewController.swift */; };
		97221ABF19D8E8910018C606 /* Main.storyboard in Resources */ = {isa = PBXBuildFile; fileRef = 97221ABD19D8E8910018C606 /* Main.storyboard */; };
		97221AC119D8E8910018C606 /* Images.xcassets in Resources */ = {isa = PBXBuildFile; fileRef = 97221AC019D8E8910018C606 /* Images.xcassets */; };
		97221AC419D8E8910018C606 /* LaunchScreen.xib in Resources */ = {isa = PBXBuildFile; fileRef = 97221AC219D8E8910018C606 /* LaunchScreen.xib */; };
		97221AD019D8E8910018C606 /* KsonPerformance.swift in Sources */ = {isa = PBXBuildFile; fileRef = 97221ACF19D8E8910018C606 /* KsonPerformance.swift */; };
		97221ADE19D8E96B0018C606 /* BaseJsonic.swift in Sources */ = {isa = PBXBuildFile; fileRef = 97221AD919D8E96B0018C606 /* BaseJsonic.swift */; };
		97221ADF19D8E96B0018C606 /* KSON.m in Sources */ = {isa = PBXBuildFile; fileRef = 97221ADC19D8E96B0018C606 /* KSON.m */; settings = {COMPILER_FLAGS = "-fno-objc-arc"; }; };
		97221AE019D8E96B0018C606 /* Thing.swift in Sources */ = {isa = PBXBuildFile; fileRef = 97221ADD19D8E96B0018C606 /* Thing.swift */; };
		97221AE419D8E9A60018C606 /* NSObject+Properties.m in Sources */ = {isa = PBXBuildFile; fileRef = 97221AE319D8E9A60018C606 /* NSObject+Properties.m */; settings = {COMPILER_FLAGS = "-fno-objc-arc"; }; };
		97221AE619D8EA0F0018C606 /* KSON.swift in Sources */ = {isa = PBXBuildFile; fileRef = 97221AE519D8EA0F0018C606 /* KSON.swift */; };
		97221B0619D926C40018C606 /* Nimble.framework in Frameworks */ = {isa = PBXBuildFile; fileRef = 97221AEF19D926AB0018C606 /* Nimble.framework */; };
		97221B0719D926C40018C606 /* Quick.framework in Frameworks */ = {isa = PBXBuildFile; fileRef = 97221AFF19D926B30018C606 /* Quick.framework */; };
		97221B0919D930770018C606 /* KsonTests.swift in Sources */ = {isa = PBXBuildFile; fileRef = 97221B0819D930770018C606 /* KsonTests.swift */; };
/* End PBXBuildFile section */

/* Begin PBXContainerItemProxy section */
		97221ACA19D8E8910018C606 /* PBXContainerItemProxy */ = {
			isa = PBXContainerItemProxy;
			containerPortal = 97221AAC19D8E8910018C606 /* Project object */;
			proxyType = 1;
			remoteGlobalIDString = 97221AB319D8E8910018C606;
			remoteInfo = Kson;
		};
		97221AEE19D926AB0018C606 /* PBXContainerItemProxy */ = {
			isa = PBXContainerItemProxy;
			containerPortal = 97221AE719D926AB0018C606 /* Nimble.xcodeproj */;
			proxyType = 2;
			remoteGlobalIDString = 1F1A74291940169200FFFC47;
			remoteInfo = "Nimble-iOS";
		};
		97221AF019D926AB0018C606 /* PBXContainerItemProxy */ = {
			isa = PBXContainerItemProxy;
			containerPortal = 97221AE719D926AB0018C606 /* Nimble.xcodeproj */;
			proxyType = 2;
			remoteGlobalIDString = 1F1A74341940169200FFFC47;
			remoteInfo = "Nimble-iOSTests";
		};
		97221AF219D926AB0018C606 /* PBXContainerItemProxy */ = {
			isa = PBXContainerItemProxy;
			containerPortal = 97221AE719D926AB0018C606 /* Nimble.xcodeproj */;
			proxyType = 2;
			remoteGlobalIDString = 1F925EAD195C0D6300ED456B;
			remoteInfo = "Nimble-OSX";
		};
		97221AF419D926AB0018C606 /* PBXContainerItemProxy */ = {
			isa = PBXContainerItemProxy;
			containerPortal = 97221AE719D926AB0018C606 /* Nimble.xcodeproj */;
			proxyType = 2;
			remoteGlobalIDString = 1F925EB7195C0D6300ED456B;
			remoteInfo = "Nimble-OSXTests";
		};
		97221AFE19D926B30018C606 /* PBXContainerItemProxy */ = {
			isa = PBXContainerItemProxy;
			containerPortal = 97221AF619D926B30018C606 /* Quick.xcodeproj */;
			proxyType = 2;
			remoteGlobalIDString = DAEB6B8E1943873100289F44;
			remoteInfo = Quick;
		};
		97221B0019D926B30018C606 /* PBXContainerItemProxy */ = {
			isa = PBXContainerItemProxy;
			containerPortal = 97221AF619D926B30018C606 /* Quick.xcodeproj */;
			proxyType = 2;
			remoteGlobalIDString = DAEB6B991943873100289F44;
			remoteInfo = QuickTests;
		};
		97221B0219D926B30018C606 /* PBXContainerItemProxy */ = {
			isa = PBXContainerItemProxy;
			containerPortal = 97221AF619D926B30018C606 /* Quick.xcodeproj */;
			proxyType = 2;
			remoteGlobalIDString = 5A5D117C19473F2100F6D13D;
			remoteInfo = "Quick-iOS";
		};
		97221B0419D926B30018C606 /* PBXContainerItemProxy */ = {
			isa = PBXContainerItemProxy;
			containerPortal = 97221AF619D926B30018C606 /* Quick.xcodeproj */;
			proxyType = 2;
			remoteGlobalIDString = 5A5D118619473F2100F6D13D;
			remoteInfo = "Quick-iOSTests";
		};
/* End PBXContainerItemProxy section */

/* Begin PBXFileReference section */
		97221AB419D8E8910018C606 /* Kson.app */ = {isa = PBXFileReference; explicitFileType = wrapper.application; includeInIndex = 0; path = Kson.app; sourceTree = BUILT_PRODUCTS_DIR; };
		97221AB819D8E8910018C606 /* Info.plist */ = {isa = PBXFileReference; lastKnownFileType = text.plist.xml; path = Info.plist; sourceTree = "<group>"; };
		97221AB919D8E8910018C606 /* AppDelegate.swift */ = {isa = PBXFileReference; lastKnownFileType = sourcecode.swift; path = AppDelegate.swift; sourceTree = "<group>"; };
		97221ABB19D8E8910018C606 /* ViewController.swift */ = {isa = PBXFileReference; lastKnownFileType = sourcecode.swift; path = ViewController.swift; sourceTree = "<group>"; };
		97221ABE19D8E8910018C606 /* Base */ = {isa = PBXFileReference; lastKnownFileType = file.storyboard; name = Base; path = Base.lproj/Main.storyboard; sourceTree = "<group>"; };
		97221AC019D8E8910018C606 /* Images.xcassets */ = {isa = PBXFileReference; lastKnownFileType = folder.assetcatalog; path = Images.xcassets; sourceTree = "<group>"; };
		97221AC319D8E8910018C606 /* Base */ = {isa = PBXFileReference; lastKnownFileType = file.xib; name = Base; path = Base.lproj/LaunchScreen.xib; sourceTree = "<group>"; };
		97221AC919D8E8910018C606 /* KsonTests.xctest */ = {isa = PBXFileReference; explicitFileType = wrapper.cfbundle; includeInIndex = 0; path = KsonTests.xctest; sourceTree = BUILT_PRODUCTS_DIR; };
		97221ACE19D8E8910018C606 /* Info.plist */ = {isa = PBXFileReference; lastKnownFileType = text.plist.xml; path = Info.plist; sourceTree = "<group>"; };
		97221ACF19D8E8910018C606 /* KsonPerformance.swift */ = {isa = PBXFileReference; lastKnownFileType = sourcecode.swift; path = KsonPerformance.swift; sourceTree = "<group>"; };
		97221AD919D8E96B0018C606 /* BaseJsonic.swift */ = {isa = PBXFileReference; fileEncoding = 4; lastKnownFileType = sourcecode.swift; path = BaseJsonic.swift; sourceTree = "<group>"; };
		97221ADA19D8E96B0018C606 /* Kson-Bridging-Header.h */ = {isa = PBXFileReference; fileEncoding = 4; lastKnownFileType = sourcecode.c.h; path = "Kson-Bridging-Header.h"; sourceTree = "<group>"; };
		97221ADB19D8E96B0018C606 /* KSON.h */ = {isa = PBXFileReference; fileEncoding = 4; lastKnownFileType = sourcecode.c.h; path = KSON.h; sourceTree = "<group>"; };
		97221ADC19D8E96B0018C606 /* KSON.m */ = {isa = PBXFileReference; fileEncoding = 4; lastKnownFileType = sourcecode.c.objc; path = KSON.m; sourceTree = "<group>"; };
		97221ADD19D8E96B0018C606 /* Thing.swift */ = {isa = PBXFileReference; fileEncoding = 4; lastKnownFileType = sourcecode.swift; path = Thing.swift; sourceTree = "<group>"; };
		97221AE219D8E9A60018C606 /* NSObject+Properties.h */ = {isa = PBXFileReference; fileEncoding = 4; lastKnownFileType = sourcecode.c.h; path = "NSObject+Properties.h"; sourceTree = "<group>"; };
		97221AE319D8E9A60018C606 /* NSObject+Properties.m */ = {isa = PBXFileReference; fileEncoding = 4; lastKnownFileType = sourcecode.c.objc; path = "NSObject+Properties.m"; sourceTree = "<group>"; };
		97221AE519D8EA0F0018C606 /* KSON.swift */ = {isa = PBXFileReference; fileEncoding = 4; lastKnownFileType = sourcecode.swift; path = KSON.swift; sourceTree = "<group>"; };
		97221AE719D926AB0018C606 /* Nimble.xcodeproj */ = {isa = PBXFileReference; lastKnownFileType = "wrapper.pb-project"; name = Nimble.xcodeproj; path = Nimble/Nimble.xcodeproj; sourceTree = "<group>"; };
		97221AF619D926B30018C606 /* Quick.xcodeproj */ = {isa = PBXFileReference; lastKnownFileType = "wrapper.pb-project"; name = Quick.xcodeproj; path = Quick/Quick/Quick.xcodeproj; sourceTree = "<group>"; };
		97221B0819D930770018C606 /* KsonTests.swift */ = {isa = PBXFileReference; fileEncoding = 4; lastKnownFileType = sourcecode.swift; path = KsonTests.swift; sourceTree = "<group>"; };
/* End PBXFileReference section */

/* Begin PBXFrameworksBuildPhase section */
		97221AB119D8E8910018C606 /* Frameworks */ = {
			isa = PBXFrameworksBuildPhase;
			buildActionMask = 2147483647;
			files = (
			);
			runOnlyForDeploymentPostprocessing = 0;
		};
		97221AC619D8E8910018C606 /* Frameworks */ = {
			isa = PBXFrameworksBuildPhase;
			buildActionMask = 2147483647;
			files = (
				97221B0619D926C40018C606 /* Nimble.framework in Frameworks */,
				97221B0719D926C40018C606 /* Quick.framework in Frameworks */,
			);
			runOnlyForDeploymentPostprocessing = 0;
		};
/* End PBXFrameworksBuildPhase section */

/* Begin PBXGroup section */
		97221AAB19D8E8910018C606 = {
			isa = PBXGroup;
			children = (
				97221AF619D926B30018C606 /* Quick.xcodeproj */,
				97221AE719D926AB0018C606 /* Nimble.xcodeproj */,
				97221AB619D8E8910018C606 /* Kson */,
				97221ACC19D8E8910018C606 /* KsonTests */,
				97221AB519D8E8910018C606 /* Products */,
			);
			sourceTree = "<group>";
		};
		97221AB519D8E8910018C606 /* Products */ = {
			isa = PBXGroup;
			children = (
				97221AB419D8E8910018C606 /* Kson.app */,
				97221AC919D8E8910018C606 /* KsonTests.xctest */,
			);
			name = Products;
			sourceTree = "<group>";
		};
		97221AB619D8E8910018C606 /* Kson */ = {
			isa = PBXGroup;
			children = (
				97221AE519D8EA0F0018C606 /* KSON.swift */,
				97221AE119D8E9A60018C606 /* aqtoolkit */,
				97221AD919D8E96B0018C606 /* BaseJsonic.swift */,
				97221ADA19D8E96B0018C606 /* Kson-Bridging-Header.h */,
				97221ADB19D8E96B0018C606 /* KSON.h */,
				97221ADC19D8E96B0018C606 /* KSON.m */,
				97221ADD19D8E96B0018C606 /* Thing.swift */,
				97221AB919D8E8910018C606 /* AppDelegate.swift */,
				97221ABB19D8E8910018C606 /* ViewController.swift */,
				97221ABD19D8E8910018C606 /* Main.storyboard */,
				97221AC019D8E8910018C606 /* Images.xcassets */,
				97221AC219D8E8910018C606 /* LaunchScreen.xib */,
				97221AB719D8E8910018C606 /* Supporting Files */,
			);
			path = Kson;
			sourceTree = "<group>";
		};
		97221AB719D8E8910018C606 /* Supporting Files */ = {
			isa = PBXGroup;
			children = (
				97221AB819D8E8910018C606 /* Info.plist */,
			);
			name = "Supporting Files";
			sourceTree = "<group>";
		};
		97221ACC19D8E8910018C606 /* KsonTests */ = {
			isa = PBXGroup;
			children = (
				97221ACF19D8E8910018C606 /* KsonPerformance.swift */,
				97221ACD19D8E8910018C606 /* Supporting Files */,
				97221B0819D930770018C606 /* KsonTests.swift */,
			);
			path = KsonTests;
			sourceTree = "<group>";
		};
		97221ACD19D8E8910018C606 /* Supporting Files */ = {
			isa = PBXGroup;
			children = (
				97221ACE19D8E8910018C606 /* Info.plist */,
			);
			name = "Supporting Files";
			sourceTree = "<group>";
		};
		97221AE119D8E9A60018C606 /* aqtoolkit */ = {
			isa = PBXGroup;
			children = (
				97221AE219D8E9A60018C606 /* NSObject+Properties.h */,
				97221AE319D8E9A60018C606 /* NSObject+Properties.m */,
			);
			path = aqtoolkit;
			sourceTree = "<group>";
		};
		97221AE819D926AB0018C606 /* Products */ = {
			isa = PBXGroup;
			children = (
				97221AEF19D926AB0018C606 /* Nimble.framework */,
				97221AF119D926AB0018C606 /* NimbleTests.xctest */,
				97221AF319D926AB0018C606 /* Nimble.framework */,
				97221AF519D926AB0018C606 /* Nimble-OSXTests.xctest */,
			);
			name = Products;
			sourceTree = "<group>";
		};
		97221AF719D926B30018C606 /* Products */ = {
			isa = PBXGroup;
			children = (
				97221AFF19D926B30018C606 /* Quick.framework */,
				97221B0119D926B30018C606 /* QuickTests.xctest */,
				97221B0319D926B30018C606 /* Quick.framework */,
				97221B0519D926B30018C606 /* Quick-iOSTests.xctest */,
			);
			name = Products;
			sourceTree = "<group>";
		};
/* End PBXGroup section */

/* Begin PBXNativeTarget section */
		97221AB319D8E8910018C606 /* Kson */ = {
			isa = PBXNativeTarget;
			buildConfigurationList = 97221AD319D8E8910018C606 /* Build configuration list for PBXNativeTarget "Kson" */;
			buildPhases = (
				97221AB019D8E8910018C606 /* Sources */,
				97221AB119D8E8910018C606 /* Frameworks */,
				97221AB219D8E8910018C606 /* Resources */,
			);
			buildRules = (
			);
			dependencies = (
			);
			name = Kson;
			productName = Kson;
			productReference = 97221AB419D8E8910018C606 /* Kson.app */;
			productType = "com.apple.product-type.application";
		};
		97221AC819D8E8910018C606 /* KsonTests */ = {
			isa = PBXNativeTarget;
			buildConfigurationList = 97221AD619D8E8910018C606 /* Build configuration list for PBXNativeTarget "KsonTests" */;
			buildPhases = (
				97221AC519D8E8910018C606 /* Sources */,
				97221AC619D8E8910018C606 /* Frameworks */,
				97221AC719D8E8910018C606 /* Resources */,
			);
			buildRules = (
			);
			dependencies = (
				97221ACB19D8E8910018C606 /* PBXTargetDependency */,
			);
			name = KsonTests;
			productName = KsonTests;
			productReference = 97221AC919D8E8910018C606 /* KsonTests.xctest */;
			productType = "com.apple.product-type.bundle.unit-test";
		};
/* End PBXNativeTarget section */

/* Begin PBXProject section */
		97221AAC19D8E8910018C606 /* Project object */ = {
			isa = PBXProject;
			attributes = {
				LastUpgradeCheck = 0600;
				ORGANIZATIONNAME = Highlight;
				TargetAttributes = {
					97221AB319D8E8910018C606 = {
						CreatedOnToolsVersion = 6.0;
					};
					97221AC819D8E8910018C606 = {
						CreatedOnToolsVersion = 6.0;
						TestTargetID = 97221AB319D8E8910018C606;
					};
				};
			};
			buildConfigurationList = 97221AAF19D8E8910018C606 /* Build configuration list for PBXProject "Kson" */;
			compatibilityVersion = "Xcode 3.2";
			developmentRegion = English;
			hasScannedForEncodings = 0;
			knownRegions = (
				en,
				Base,
			);
			mainGroup = 97221AAB19D8E8910018C606;
			productRefGroup = 97221AB519D8E8910018C606 /* Products */;
			projectDirPath = "";
			projectReferences = (
				{
					ProductGroup = 97221AE819D926AB0018C606 /* Products */;
					ProjectRef = 97221AE719D926AB0018C606 /* Nimble.xcodeproj */;
				},
				{
					ProductGroup = 97221AF719D926B30018C606 /* Products */;
					ProjectRef = 97221AF619D926B30018C606 /* Quick.xcodeproj */;
				},
			);
			projectRoot = "";
			targets = (
				97221AB319D8E8910018C606 /* Kson */,
				97221AC819D8E8910018C606 /* KsonTests */,
			);
		};
/* End PBXProject section */

/* Begin PBXReferenceProxy section */
		97221AEF19D926AB0018C606 /* Nimble.framework */ = {
			isa = PBXReferenceProxy;
			fileType = wrapper.framework;
			path = Nimble.framework;
			remoteRef = 97221AEE19D926AB0018C606 /* PBXContainerItemProxy */;
			sourceTree = BUILT_PRODUCTS_DIR;
		};
		97221AF119D926AB0018C606 /* NimbleTests.xctest */ = {
			isa = PBXReferenceProxy;
			fileType = wrapper.cfbundle;
			path = NimbleTests.xctest;
			remoteRef = 97221AF019D926AB0018C606 /* PBXContainerItemProxy */;
			sourceTree = BUILT_PRODUCTS_DIR;
		};
		97221AF319D926AB0018C606 /* Nimble.framework */ = {
			isa = PBXReferenceProxy;
			fileType = wrapper.framework;
			path = Nimble.framework;
			remoteRef = 97221AF219D926AB0018C606 /* PBXContainerItemProxy */;
			sourceTree = BUILT_PRODUCTS_DIR;
		};
		97221AF519D926AB0018C606 /* Nimble-OSXTests.xctest */ = {
			isa = PBXReferenceProxy;
			fileType = wrapper.cfbundle;
			path = "Nimble-OSXTests.xctest";
			remoteRef = 97221AF419D926AB0018C606 /* PBXContainerItemProxy */;
			sourceTree = BUILT_PRODUCTS_DIR;
		};
		97221AFF19D926B30018C606 /* Quick.framework */ = {
			isa = PBXReferenceProxy;
			fileType = wrapper.framework;
			path = Quick.framework;
			remoteRef = 97221AFE19D926B30018C606 /* PBXContainerItemProxy */;
			sourceTree = BUILT_PRODUCTS_DIR;
		};
		97221B0119D926B30018C606 /* QuickTests.xctest */ = {
			isa = PBXReferenceProxy;
			fileType = wrapper.cfbundle;
			path = QuickTests.xctest;
			remoteRef = 97221B0019D926B30018C606 /* PBXContainerItemProxy */;
			sourceTree = BUILT_PRODUCTS_DIR;
		};
		97221B0319D926B30018C606 /* Quick.framework */ = {
			isa = PBXReferenceProxy;
			fileType = wrapper.framework;
			path = Quick.framework;
			remoteRef = 97221B0219D926B30018C606 /* PBXContainerItemProxy */;
			sourceTree = BUILT_PRODUCTS_DIR;
		};
		97221B0519D926B30018C606 /* Quick-iOSTests.xctest */ = {
			isa = PBXReferenceProxy;
			fileType = wrapper.cfbundle;
			path = "Quick-iOSTests.xctest";
			remoteRef = 97221B0419D926B30018C606 /* PBXContainerItemProxy */;
			sourceTree = BUILT_PRODUCTS_DIR;
		};
/* End PBXReferenceProxy section */

/* Begin PBXResourcesBuildPhase section */
		97221AB219D8E8910018C606 /* Resources */ = {
			isa = PBXResourcesBuildPhase;
			buildActionMask = 2147483647;
			files = (
				97221ABF19D8E8910018C606 /* Main.storyboard in Resources */,
				97221AC419D8E8910018C606 /* LaunchScreen.xib in Resources */,
				97221AC119D8E8910018C606 /* Images.xcassets in Resources */,
			);
			runOnlyForDeploymentPostprocessing = 0;
		};
		97221AC719D8E8910018C606 /* Resources */ = {
			isa = PBXResourcesBuildPhase;
			buildActionMask = 2147483647;
			files = (
			);
			runOnlyForDeploymentPostprocessing = 0;
		};
/* End PBXResourcesBuildPhase section */

/* Begin PBXSourcesBuildPhase section */
		97221AB019D8E8910018C606 /* Sources */ = {
			isa = PBXSourcesBuildPhase;
			buildActionMask = 2147483647;
			files = (
				97221ADF19D8E96B0018C606 /* KSON.m in Sources */,
				97221AE619D8EA0F0018C606 /* KSON.swift in Sources */,
				97221ABC19D8E8910018C606 /* ViewController.swift in Sources */,
				97221AE419D8E9A60018C606 /* NSObject+Properties.m in Sources */,
				97221ABA19D8E8910018C606 /* AppDelegate.swift in Sources */,
				97221AE019D8E96B0018C606 /* Thing.swift in Sources */,
				97221ADE19D8E96B0018C606 /* BaseJsonic.swift in Sources */,
			);
			runOnlyForDeploymentPostprocessing = 0;
		};
		97221AC519D8E8910018C606 /* Sources */ = {
			isa = PBXSourcesBuildPhase;
			buildActionMask = 2147483647;
			files = (
				97221B0919D930770018C606 /* KsonTests.swift in Sources */,
				97221AD019D8E8910018C606 /* KsonPerformance.swift in Sources */,
			);
			runOnlyForDeploymentPostprocessing = 0;
		};
/* End PBXSourcesBuildPhase section */

/* Begin PBXTargetDependency section */
		97221ACB19D8E8910018C606 /* PBXTargetDependency */ = {
			isa = PBXTargetDependency;
			target = 97221AB319D8E8910018C606 /* Kson */;
			targetProxy = 97221ACA19D8E8910018C606 /* PBXContainerItemProxy */;
		};
/* End PBXTargetDependency section */

/* Begin PBXVariantGroup section */
		97221ABD19D8E8910018C606 /* Main.storyboard */ = {
			isa = PBXVariantGroup;
			children = (
				97221ABE19D8E8910018C606 /* Base */,
			);
			name = Main.storyboard;
			sourceTree = "<group>";
		};
		97221AC219D8E8910018C606 /* LaunchScreen.xib */ = {
			isa = PBXVariantGroup;
			children = (
				97221AC319D8E8910018C606 /* Base */,
			);
			name = LaunchScreen.xib;
			sourceTree = "<group>";
		};
/* End PBXVariantGroup section */

/* Begin XCBuildConfiguration section */
		97221AD119D8E8910018C606 /* Debug */ = {
			isa = XCBuildConfiguration;
			buildSettings = {
				ALWAYS_SEARCH_USER_PATHS = NO;
				CLANG_CXX_LANGUAGE_STANDARD = "gnu++0x";
				CLANG_CXX_LIBRARY = "libc++";
				CLANG_ENABLE_MODULES = YES;
				CLANG_ENABLE_OBJC_ARC = YES;
				CLANG_WARN_BOOL_CONVERSION = YES;
				CLANG_WARN_CONSTANT_CONVERSION = YES;
				CLANG_WARN_DIRECT_OBJC_ISA_USAGE = YES_ERROR;
				CLANG_WARN_EMPTY_BODY = YES;
				CLANG_WARN_ENUM_CONVERSION = YES;
				CLANG_WARN_INT_CONVERSION = YES;
				CLANG_WARN_OBJC_ROOT_CLASS = YES_ERROR;
				CLANG_WARN_UNREACHABLE_CODE = YES;
				CLANG_WARN__DUPLICATE_METHOD_MATCH = YES;
				"CODE_SIGN_IDENTITY[sdk=iphoneos*]" = "iPhone Developer";
				COPY_PHASE_STRIP = NO;
				ENABLE_STRICT_OBJC_MSGSEND = YES;
				GCC_C_LANGUAGE_STANDARD = gnu99;
				GCC_DYNAMIC_NO_PIC = NO;
				GCC_OPTIMIZATION_LEVEL = 0;
				GCC_PREPROCESSOR_DEFINITIONS = (
					"DEBUG=1",
					"$(inherited)",
				);
				GCC_SYMBOLS_PRIVATE_EXTERN = NO;
				GCC_WARN_64_TO_32_BIT_CONVERSION = YES;
				GCC_WARN_ABOUT_RETURN_TYPE = YES_ERROR;
				GCC_WARN_UNDECLARED_SELECTOR = YES;
				GCC_WARN_UNINITIALIZED_AUTOS = YES_AGGRESSIVE;
				GCC_WARN_UNUSED_FUNCTION = YES;
				GCC_WARN_UNUSED_VARIABLE = YES;
				IPHONEOS_DEPLOYMENT_TARGET = 8.0;
				MTL_ENABLE_DEBUG_INFO = YES;
				ONLY_ACTIVE_ARCH = YES;
				SDKROOT = iphoneos;
				SWIFT_OPTIMIZATION_LEVEL = "-Onone";
				TARGETED_DEVICE_FAMILY = "1,2";
			};
			name = Debug;
		};
		97221AD219D8E8910018C606 /* Release */ = {
			isa = XCBuildConfiguration;
			buildSettings = {
				ALWAYS_SEARCH_USER_PATHS = NO;
				CLANG_CXX_LANGUAGE_STANDARD = "gnu++0x";
				CLANG_CXX_LIBRARY = "libc++";
				CLANG_ENABLE_MODULES = YES;
				CLANG_ENABLE_OBJC_ARC = YES;
				CLANG_WARN_BOOL_CONVERSION = YES;
				CLANG_WARN_CONSTANT_CONVERSION = YES;
				CLANG_WARN_DIRECT_OBJC_ISA_USAGE = YES_ERROR;
				CLANG_WARN_EMPTY_BODY = YES;
				CLANG_WARN_ENUM_CONVERSION = YES;
				CLANG_WARN_INT_CONVERSION = YES;
				CLANG_WARN_OBJC_ROOT_CLASS = YES_ERROR;
				CLANG_WARN_UNREACHABLE_CODE = YES;
				CLANG_WARN__DUPLICATE_METHOD_MATCH = YES;
				"CODE_SIGN_IDENTITY[sdk=iphoneos*]" = "iPhone Developer";
				COPY_PHASE_STRIP = YES;
				ENABLE_NS_ASSERTIONS = NO;
				ENABLE_STRICT_OBJC_MSGSEND = YES;
				GCC_C_LANGUAGE_STANDARD = gnu99;
				GCC_WARN_64_TO_32_BIT_CONVERSION = YES;
				GCC_WARN_ABOUT_RETURN_TYPE = YES_ERROR;
				GCC_WARN_UNDECLARED_SELECTOR = YES;
				GCC_WARN_UNINITIALIZED_AUTOS = YES_AGGRESSIVE;
				GCC_WARN_UNUSED_FUNCTION = YES;
				GCC_WARN_UNUSED_VARIABLE = YES;
				IPHONEOS_DEPLOYMENT_TARGET = 8.0;
				MTL_ENABLE_DEBUG_INFO = NO;
				SDKROOT = iphoneos;
				TARGETED_DEVICE_FAMILY = "1,2";
				VALIDATE_PRODUCT = YES;
			};
			name = Release;
		};
		97221AD419D8E8910018C606 /* Debug */ = {
			isa = XCBuildConfiguration;
			buildSettings = {
				ASSETCATALOG_COMPILER_APPICON_NAME = AppIcon;
				INFOPLIST_FILE = Kson/Info.plist;
				LD_RUNPATH_SEARCH_PATHS = "$(inherited) @executable_path/Frameworks";
				PRODUCT_NAME = "$(TARGET_NAME)";
				SWIFT_OBJC_BRIDGING_HEADER = "Kson/Kson-Bridging-Header.h";
			};
			name = Debug;
		};
		97221AD519D8E8910018C606 /* Release */ = {
			isa = XCBuildConfiguration;
			buildSettings = {
				ASSETCATALOG_COMPILER_APPICON_NAME = AppIcon;
				INFOPLIST_FILE = Kson/Info.plist;
				LD_RUNPATH_SEARCH_PATHS = "$(inherited) @executable_path/Frameworks";
				PRODUCT_NAME = "$(TARGET_NAME)";
				SWIFT_OBJC_BRIDGING_HEADER = "Kson/Kson-Bridging-Header.h";
			};
			name = Release;
		};
		97221AD719D8E8910018C606 /* Debug */ = {
			isa = XCBuildConfiguration;
			buildSettings = {
				BUNDLE_LOADER = "$(TEST_HOST)";
				FRAMEWORK_SEARCH_PATHS = (
					"$(SDKROOT)/Developer/Library/Frameworks",
					"$(inherited)",
				);
				GCC_OPTIMIZATION_LEVEL = 3;
				GCC_PREPROCESSOR_DEFINITIONS = (
					"DEBUG=1",
					"$(inherited)",
				);
				INFOPLIST_FILE = KsonTests/Info.plist;
				LD_RUNPATH_SEARCH_PATHS = "$(inherited) @executable_path/Frameworks @loader_path/Frameworks";
				PRODUCT_NAME = "$(TARGET_NAME)";
				TEST_HOST = "$(BUILT_PRODUCTS_DIR)/Kson.app/Kson";
			};
			name = Debug;
		};
		97221AD819D8E8910018C606 /* Release */ = {
			isa = XCBuildConfiguration;
			buildSettings = {
				BUNDLE_LOADER = "$(TEST_HOST)";
				FRAMEWORK_SEARCH_PATHS = (
					"$(SDKROOT)/Developer/Library/Frameworks",
					"$(inherited)",
				);
				INFOPLIST_FILE = KsonTests/Info.plist;
				LD_RUNPATH_SEARCH_PATHS = "$(inherited) @executable_path/Frameworks @loader_path/Frameworks";
				PRODUCT_NAME = "$(TARGET_NAME)";
				TEST_HOST = "$(BUILT_PRODUCTS_DIR)/Kson.app/Kson";
			};
			name = Release;
		};
/* End XCBuildConfiguration section */

/* Begin XCConfigurationList section */
		97221AAF19D8E8910018C606 /* Build configuration list for PBXProject "Kson" */ = {
			isa = XCConfigurationList;
			buildConfigurations = (
				97221AD119D8E8910018C606 /* Debug */,
				97221AD219D8E8910018C606 /* Release */,
			);
			defaultConfigurationIsVisible = 0;
			defaultConfigurationName = Release;
		};
		97221AD319D8E8910018C606 /* Build configuration list for PBXNativeTarget "Kson" */ = {
			isa = XCConfigurationList;
			buildConfigurations = (
				97221AD419D8E8910018C606 /* Debug */,
				97221AD519D8E8910018C606 /* Release */,
			);
			defaultConfigurationIsVisible = 0;
			defaultConfigurationName = Release;
		};
		97221AD619D8E8910018C606 /* Build configuration list for PBXNativeTarget "KsonTests" */ = {
			isa = XCConfigurationList;
			buildConfigurations = (
				97221AD719D8E8910018C606 /* Debug */,
				97221AD819D8E8910018C606 /* Release */,
			);
			defaultConfigurationIsVisible = 0;
			defaultConfigurationName = Release;
		};
/* End XCConfigurationList section */
	};
	rootObject = 97221AAC19D8E8910018C606 /* Project object */;
}
